
Microsoft Visual Studio Solution File, Format Version 12.00
# Visual Studio 15
Project("{FAE04EC0-301F-11D3-BF4B-00C04F79EFBC}") = "Assembly-CSharp", "Assembly-CSharp.csproj", "{E9A84272-0BDA-2464-C897-6F5CC57F410F}"
EndProject
Project("{FAE04EC0-301F-11D3-BF4B-00C04F79EFBC}") = "Assembly-CSharp-Editor", "Assembly-CSharp-Editor.csproj", "{30B7E3E3-1B34-3A7A-0E5F-24468F130B83}"
EndProject
Global
	GlobalSection(SolutionConfigurationPlatforms) = preSolution
		Debug|Any CPU = Debug|Any CPU
		Release|Any CPU = Release|Any CPU
	EndGlobalSection
	GlobalSection(ProjectConfigurationPlatforms) = postSolution
		{E9A84272-0BDA-2464-C897-6F5CC57F410F}.Debug|Any CPU.ActiveCfg = Debug|Any CPU
		{E9A84272-0BDA-2464-C897-6F5CC57F410F}.Debug|Any CPU.Build.0 = Debug|Any CPU
		{E9A84272-0BDA-2464-C897-6F5CC57F410F}.Release|Any CPU.ActiveCfg = Release|Any CPU
		{E9A84272-0BDA-2464-C897-6F5CC57F410F}.Release|Any CPU.Build.0 = Release|Any CPU
		{30B7E3E3-1B34-3A7A-0E5F-24468F130B83}.Debug|Any CPU.ActiveCfg = Debug|Any CPU
		{30B7E3E3-1B34-3A7A-0E5F-24468F130B83}.Debug|Any CPU.Build.0 = Debug|Any CPU
		{30B7E3E3-1B34-3A7A-0E5F-24468F130B83}.Release|Any CPU.ActiveCfg = Release|Any CPU
		{30B7E3E3-1B34-3A7A-0E5F-24468F130B83}.Release|Any CPU.Build.0 = Release|Any CPU
	EndGlobalSection
	GlobalSection(SolutionProperties) = preSolution
		HideSolutionNode = FALSE
	EndGlobalSection
EndGlobal
